
Microsoft Visual Studio Solution File, Format Version 12.00
# Visual Studio Version 16
VisualStudioVersion = 16.0.31624.102
MinimumVisualStudioVersion = 10.0.40219.1
Project("{9A19103F-16F7-4668-BE54-9A1E7A4F7556}") = "Canteen.Web", "Canteen.Web\Canteen.Web.csproj", "{7AC1B125-E1C0-4DF2-B5A0-AC2C4BFFF866}"
EndProject
Project("{FAE04EC0-301F-11D3-BF4B-00C04F79EFBC}") = "Service", "Service\Service.csproj", "{4F3FD5C8-A6C7-4397-B60F-72C0582DDAAB}"
EndProject
Project("{FAE04EC0-301F-11D3-BF4B-00C04F79EFBC}") = "DataAccess", "DataAccess\DataAccess.csproj", "{5F44B407-A0BF-4A94-8089-133658E0AAFC}"
EndProject
Global
	GlobalSection(SolutionConfigurationPlatforms) = preSolution
		Debug|Any CPU = Debug|Any CPU
		Release|Any CPU = Release|Any CPU
	EndGlobalSection
	GlobalSection(ProjectConfigurationPlatforms) = postSolution
		{7AC1B125-E1C0-4DF2-B5A0-AC2C4BFFF866}.Debug|Any CPU.ActiveCfg = Debug|Any CPU
		{7AC1B125-E1C0-4DF2-B5A0-AC2C4BFFF866}.Debug|Any CPU.Build.0 = Debug|Any CPU
		{7AC1B125-E1C0-4DF2-B5A0-AC2C4BFFF866}.Release|Any CPU.ActiveCfg = Release|Any CPU
		{7AC1B125-E1C0-4DF2-B5A0-AC2C4BFFF866}.Release|Any CPU.Build.0 = Release|Any CPU
		{4F3FD5C8-A6C7-4397-B60F-72C0582DDAAB}.Debug|Any CPU.ActiveCfg = Debug|Any CPU
		{4F3FD5C8-A6C7-4397-B60F-72C0582DDAAB}.Debug|Any CPU.Build.0 = Debug|Any CPU
		{4F3FD5C8-A6C7-4397-B60F-72C0582DDAAB}.Release|Any CPU.ActiveCfg = Release|Any CPU
		{4F3FD5C8-A6C7-4397-B60F-72C0582DDAAB}.Release|Any CPU.Build.0 = Release|Any CPU
		{5F44B407-A0BF-4A94-8089-133658E0AAFC}.Debug|Any CPU.ActiveCfg = Debug|Any CPU
		{5F44B407-A0BF-4A94-8089-133658E0AAFC}.Debug|Any CPU.Build.0 = Debug|Any CPU
		{5F44B407-A0BF-4A94-8089-133658E0AAFC}.Release|Any CPU.ActiveCfg = Release|Any CPU
		{5F44B407-A0BF-4A94-8089-133658E0AAFC}.Release|Any CPU.Build.0 = Release|Any CPU
	EndGlobalSection
	GlobalSection(SolutionProperties) = preSolution
		HideSolutionNode = FALSE
	EndGlobalSection
	GlobalSection(ExtensibilityGlobals) = postSolution
		SolutionGuid = {0481DB07-5B37-47F1-8209-2D42F29A6EE5}
	EndGlobalSection
EndGlobal
